
Microsoft Visual Studio Solution File, Format Version 12.00
# Visual Studio 15
VisualStudioVersion = 15.0.27004.2002
MinimumVisualStudioVersion = 10.0.40219.1
Project("{FAE04EC0-301F-11D3-BF4B-00C04F79EFBC}") = "Compilador", "Compilador\Compilador.csproj", "{B7512284-6DC4-4108-B6DE-0497A371465C}"
EndProject
Global
	GlobalSection(SolutionConfigurationPlatforms) = preSolution
		Debug|Any CPU = Debug|Any CPU
		Release|Any CPU = Release|Any CPU
	EndGlobalSection
	GlobalSection(ProjectConfigurationPlatforms) = postSolution
		{B7512284-6DC4-4108-B6DE-0497A371465C}.Debug|Any CPU.ActiveCfg = Debug|Any CPU
		{B7512284-6DC4-4108-B6DE-0497A371465C}.Debug|Any CPU.Build.0 = Debug|Any CPU
		{B7512284-6DC4-4108-B6DE-0497A371465C}.Release|Any CPU.ActiveCfg = Release|Any CPU
		{B7512284-6DC4-4108-B6DE-0497A371465C}.Release|Any CPU.Build.0 = Release|Any CPU
	EndGlobalSection
	GlobalSection(SolutionProperties) = preSolution
		HideSolutionNode = FALSE
	EndGlobalSection
	GlobalSection(ExtensibilityGlobals) = postSolution
		SolutionGuid = {BC4DD55E-6A87-4B56-867D-C4DE7E8D11A0}
	EndGlobalSection
EndGlobal
